
Microsoft Visual Studio Solution File, Format Version 12.00
# Visual Studio Version 16
VisualStudioVersion = 16.0.28803.156
MinimumVisualStudioVersion = 10.0.40219.1
Project("{9A19103F-16F7-4668-BE54-9A1E7A4F7556}") = "MailToDatabase", "src\MailToDatabase\MailToDatabase.csproj", "{CBDA633D-2BA6-426C-B952-02AFBA2A0C55}"
EndProject
Project("{2150E333-8FDC-42A3-9474-1A3956D46DE8}") = "src", "src", "{1B1884F4-38E1-43A3-A079-7BE9E240C0E6}"
EndProject
Project("{2150E333-8FDC-42A3-9474-1A3956D46DE8}") = "tests", "tests", "{996328E9-C04C-460A-913B-7C2B0F01F867}"
EndProject
Project("{9A19103F-16F7-4668-BE54-9A1E7A4F7556}") = "MailToDatabase.Tests", "tests\MailToDatabase.Tests\MailToDatabase.Tests.csproj", "{E6F765FF-05C8-4B38-AD28-86B23EC91138}"
EndProject
Project("{9A19103F-16F7-4668-BE54-9A1E7A4F7556}") = "MailToDatabase.Sqlite", "src\MailToDatabase.Sqlite\MailToDatabase.Sqlite.csproj", "{2DE990A2-A274-40AB-8967-49BFF487980D}"
EndProject
Project("{9A19103F-16F7-4668-BE54-9A1E7A4F7556}") = "MailToDatabase.Sqlite.Tests", "tests\MailToDatabase.Sqlite.Tests\MailToDatabase.Sqlite.Tests.csproj", "{4C085569-CB1C-41C8-A4FF-8D7FDC466BFF}"
EndProject
Project("{FAE04EC0-301F-11D3-BF4B-00C04F79EFBC}") = "MailToDatabase.ImeReader", "src\MailToDatabase.ImeReader\MailToDatabase.ImeReader.csproj", "{5AEC849A-9F0B-4968-9562-0CDE69A4550D}"
EndProject
Project("{FAE04EC0-301F-11D3-BF4B-00C04F79EFBC}") = "MailToDatabase.Shared", "src\MailToDatabase.Shared\MailToDatabase.Shared.csproj", "{5DF2E3EA-8131-43DD-ACC3-752DC495C880}"
EndProject
Global
	GlobalSection(SolutionConfigurationPlatforms) = preSolution
		Debug|Any CPU = Debug|Any CPU
		Debug|x64 = Debug|x64
		Release|Any CPU = Release|Any CPU
		Release|x64 = Release|x64
	EndGlobalSection
	GlobalSection(ProjectConfigurationPlatforms) = postSolution
		{CBDA633D-2BA6-426C-B952-02AFBA2A0C55}.Debug|Any CPU.ActiveCfg = Debug|Any CPU
		{CBDA633D-2BA6-426C-B952-02AFBA2A0C55}.Debug|Any CPU.Build.0 = Debug|Any CPU
		{CBDA633D-2BA6-426C-B952-02AFBA2A0C55}.Debug|x64.ActiveCfg = Debug|x64
		{CBDA633D-2BA6-426C-B952-02AFBA2A0C55}.Debug|x64.Build.0 = Debug|x64
		{CBDA633D-2BA6-426C-B952-02AFBA2A0C55}.Release|Any CPU.ActiveCfg = Release|Any CPU
		{CBDA633D-2BA6-426C-B952-02AFBA2A0C55}.Release|Any CPU.Build.0 = Release|Any CPU
		{CBDA633D-2BA6-426C-B952-02AFBA2A0C55}.Release|x64.ActiveCfg = Release|x64
		{CBDA633D-2BA6-426C-B952-02AFBA2A0C55}.Release|x64.Build.0 = Release|x64
		{E6F765FF-05C8-4B38-AD28-86B23EC91138}.Debug|Any CPU.ActiveCfg = Debug|Any CPU
		{E6F765FF-05C8-4B38-AD28-86B23EC91138}.Debug|Any CPU.Build.0 = Debug|Any CPU
		{E6F765FF-05C8-4B38-AD28-86B23EC91138}.Debug|x64.ActiveCfg = Debug|Any CPU
		{E6F765FF-05C8-4B38-AD28-86B23EC91138}.Debug|x64.Build.0 = Debug|Any CPU
		{E6F765FF-05C8-4B38-AD28-86B23EC91138}.Release|Any CPU.ActiveCfg = Release|Any CPU
		{E6F765FF-05C8-4B38-AD28-86B23EC91138}.Release|Any CPU.Build.0 = Release|Any CPU
		{E6F765FF-05C8-4B38-AD28-86B23EC91138}.Release|x64.ActiveCfg = Release|Any CPU
		{E6F765FF-05C8-4B38-AD28-86B23EC91138}.Release|x64.Build.0 = Release|Any CPU
		{2DE990A2-A274-40AB-8967-49BFF487980D}.Debug|Any CPU.ActiveCfg = Debug|Any CPU
		{2DE990A2-A274-40AB-8967-49BFF487980D}.Debug|Any CPU.Build.0 = Debug|Any CPU
		{2DE990A2-A274-40AB-8967-49BFF487980D}.Debug|x64.ActiveCfg = Debug|Any CPU
		{2DE990A2-A274-40AB-8967-49BFF487980D}.Debug|x64.Build.0 = Debug|Any CPU
		{2DE990A2-A274-40AB-8967-49BFF487980D}.Release|Any CPU.ActiveCfg = Release|Any CPU
		{2DE990A2-A274-40AB-8967-49BFF487980D}.Release|Any CPU.Build.0 = Release|Any CPU
		{2DE990A2-A274-40AB-8967-49BFF487980D}.Release|x64.ActiveCfg = Release|Any CPU
		{2DE990A2-A274-40AB-8967-49BFF487980D}.Release|x64.Build.0 = Release|Any CPU
		{4C085569-CB1C-41C8-A4FF-8D7FDC466BFF}.Debug|Any CPU.ActiveCfg = Debug|Any CPU
		{4C085569-CB1C-41C8-A4FF-8D7FDC466BFF}.Debug|Any CPU.Build.0 = Debug|Any CPU
		{4C085569-CB1C-41C8-A4FF-8D7FDC466BFF}.Debug|x64.ActiveCfg = Debug|Any CPU
		{4C085569-CB1C-41C8-A4FF-8D7FDC466BFF}.Debug|x64.Build.0 = Debug|Any CPU
		{4C085569-CB1C-41C8-A4FF-8D7FDC466BFF}.Release|Any CPU.ActiveCfg = Release|Any CPU
		{4C085569-CB1C-41C8-A4FF-8D7FDC466BFF}.Release|Any CPU.Build.0 = Release|Any CPU
		{4C085569-CB1C-41C8-A4FF-8D7FDC466BFF}.Release|x64.ActiveCfg = Release|Any CPU
		{4C085569-CB1C-41C8-A4FF-8D7FDC466BFF}.Release|x64.Build.0 = Release|Any CPU
		{5AEC849A-9F0B-4968-9562-0CDE69A4550D}.Debug|Any CPU.ActiveCfg = Debug|Any CPU
		{5AEC849A-9F0B-4968-9562-0CDE69A4550D}.Debug|Any CPU.Build.0 = Debug|Any CPU
		{5AEC849A-9F0B-4968-9562-0CDE69A4550D}.Debug|x64.ActiveCfg = Debug|Any CPU
		{5AEC849A-9F0B-4968-9562-0CDE69A4550D}.Debug|x64.Build.0 = Debug|Any CPU
		{5AEC849A-9F0B-4968-9562-0CDE69A4550D}.Release|Any CPU.ActiveCfg = Release|Any CPU
		{5AEC849A-9F0B-4968-9562-0CDE69A4550D}.Release|Any CPU.Build.0 = Release|Any CPU
		{5AEC849A-9F0B-4968-9562-0CDE69A4550D}.Release|x64.ActiveCfg = Release|Any CPU
		{5AEC849A-9F0B-4968-9562-0CDE69A4550D}.Release|x64.Build.0 = Release|Any CPU
		{5DF2E3EA-8131-43DD-ACC3-752DC495C880}.Debug|Any CPU.ActiveCfg = Debug|Any CPU
		{5DF2E3EA-8131-43DD-ACC3-752DC495C880}.Debug|Any CPU.Build.0 = Debug|Any CPU
		{5DF2E3EA-8131-43DD-ACC3-752DC495C880}.Debug|x64.ActiveCfg = Debug|Any CPU
		{5DF2E3EA-8131-43DD-ACC3-752DC495C880}.Debug|x64.Build.0 = Debug|Any CPU
		{5DF2E3EA-8131-43DD-ACC3-752DC495C880}.Release|Any CPU.ActiveCfg = Release|Any CPU
		{5DF2E3EA-8131-43DD-ACC3-752DC495C880}.Release|Any CPU.Build.0 = Release|Any CPU
		{5DF2E3EA-8131-43DD-ACC3-752DC495C880}.Release|x64.ActiveCfg = Release|Any CPU
		{5DF2E3EA-8131-43DD-ACC3-752DC495C880}.Release|x64.Build.0 = Release|Any CPU
	EndGlobalSection
	GlobalSection(SolutionProperties) = preSolution
		HideSolutionNode = FALSE
	EndGlobalSection
	GlobalSection(NestedProjects) = preSolution
		{CBDA633D-2BA6-426C-B952-02AFBA2A0C55} = {1B1884F4-38E1-43A3-A079-7BE9E240C0E6}
		{E6F765FF-05C8-4B38-AD28-86B23EC91138} = {996328E9-C04C-460A-913B-7C2B0F01F867}
		{2DE990A2-A274-40AB-8967-49BFF487980D} = {1B1884F4-38E1-43A3-A079-7BE9E240C0E6}
		{4C085569-CB1C-41C8-A4FF-8D7FDC466BFF} = {996328E9-C04C-460A-913B-7C2B0F01F867}
		{5AEC849A-9F0B-4968-9562-0CDE69A4550D} = {1B1884F4-38E1-43A3-A079-7BE9E240C0E6}
		{5DF2E3EA-8131-43DD-ACC3-752DC495C880} = {1B1884F4-38E1-43A3-A079-7BE9E240C0E6}
	EndGlobalSection
	GlobalSection(ExtensibilityGlobals) = postSolution
		SolutionGuid = {FDE3595E-CC51-4146-9C95-14EDE717F35A}
	EndGlobalSection
EndGlobal
